
Microsoft Visual Studio Solution File, Format Version 12.00
# Visual Studio 15
VisualStudioVersion = 15.0.27130.2024
MinimumVisualStudioVersion = 10.0.40219.1
Project("{FAE04EC0-301F-11D3-BF4B-00C04F79EFBC}") = "WHu_Asn2", "WHu_Asn2\WHu_Asn2.csproj", "{B505652D-58A7-48A9-A39A-EE3CA7E5F457}"
EndProject
Global
	GlobalSection(SolutionConfigurationPlatforms) = preSolution
		Debug|Any CPU = Debug|Any CPU
		Release|Any CPU = Release|Any CPU
	EndGlobalSection
	GlobalSection(ProjectConfigurationPlatforms) = postSolution
		{B505652D-58A7-48A9-A39A-EE3CA7E5F457}.Debug|Any CPU.ActiveCfg = Debug|Any CPU
		{B505652D-58A7-48A9-A39A-EE3CA7E5F457}.Debug|Any CPU.Build.0 = Debug|Any CPU
		{B505652D-58A7-48A9-A39A-EE3CA7E5F457}.Release|Any CPU.ActiveCfg = Release|Any CPU
		{B505652D-58A7-48A9-A39A-EE3CA7E5F457}.Release|Any CPU.Build.0 = Release|Any CPU
	EndGlobalSection
	GlobalSection(SolutionProperties) = preSolution
		HideSolutionNode = FALSE
	EndGlobalSection
	GlobalSection(ExtensibilityGlobals) = postSolution
		SolutionGuid = {4AE93E34-5DBF-46A2-99EC-441F9AFA27AC}
	EndGlobalSection
EndGlobal
